
Microsoft Visual Studio Solution File, Format Version 12.00
# Visual Studio Version 16
VisualStudioVersion = 16.0.31702.278
MinimumVisualStudioVersion = 10.0.40219.1
Project("{FAE04EC0-301F-11D3-BF4B-00C04F79EFBC}") = "ASPDotNETMVCAngularJS", "ASPDotNETMVCAngularJS\ASPDotNETMVCAngularJS.csproj", "{F139D28B-B570-4097-B95C-986E0DAECF9D}"
EndProject
Global
	GlobalSection(SolutionConfigurationPlatforms) = preSolution
		Debug|Any CPU = Debug|Any CPU
		Release|Any CPU = Release|Any CPU
	EndGlobalSection
	GlobalSection(ProjectConfigurationPlatforms) = postSolution
		{F139D28B-B570-4097-B95C-986E0DAECF9D}.Debug|Any CPU.ActiveCfg = Debug|Any CPU
		{F139D28B-B570-4097-B95C-986E0DAECF9D}.Debug|Any CPU.Build.0 = Debug|Any CPU
		{F139D28B-B570-4097-B95C-986E0DAECF9D}.Release|Any CPU.ActiveCfg = Release|Any CPU
		{F139D28B-B570-4097-B95C-986E0DAECF9D}.Release|Any CPU.Build.0 = Release|Any CPU
	EndGlobalSection
	GlobalSection(SolutionProperties) = preSolution
		HideSolutionNode = FALSE
	EndGlobalSection
	GlobalSection(ExtensibilityGlobals) = postSolution
		SolutionGuid = {15045375-DA49-4000-9E4C-25F01AF0B19C}
	EndGlobalSection
EndGlobal
